// !$*UTF8*$!
{
	archiveVersion = 1;
	classes = {
	};
	objectVersion = 46;
	objects = {

/* Begin PBXBuildFile section */
		0A3C1D6439F07BC86FD26E7B /* HistoryView.swift in Sources */ = {isa = PBXBuildFile; fileRef = DE1FF0898E5028EDE92200B0 /* HistoryView.swift */; };
		126706284F454995C7FD4BE4 /* LocalizationTests.swift in Sources */ = {isa = PBXBuildFile; fileRef = 8815EBD7B4DFDECC5AA436D0 /* LocalizationTests.swift */; };
		200FD82EF88FA79AF5B00173 /* ReminderService.swift in Sources */ = {isa = PBXBuildFile; fileRef = 72C2E18579A20CE231D788CE /* ReminderService.swift */; };
		23690E7BAAA2D3FFE0CCFFC2 /* CategoryManagerView.swift in Sources */ = {isa = PBXBuildFile; fileRef = 044CD795C7DE7462E885E668 /* CategoryManagerView.swift */; };
		2AAFFCA9F5D12FFA30A2BA4A /* PreviewData.swift in Sources */ = {isa = PBXBuildFile; fileRef = 0F36AF1CA7E323512058458D /* PreviewData.swift */; };
		5B905EF5A3F4DF1139D60D16 /* PrayStoreTests.swift in Sources */ = {isa = PBXBuildFile; fileRef = E69F6026A9BD13F058DA877B /* PrayStoreTests.swift */; };
		5CA4ACA8ED6EE23152796A62 /* Design.swift in Sources */ = {isa = PBXBuildFile; fileRef = E4C128464627EC632E48AA8B /* Design.swift */; };
		5D92535AD9376B667C6A5C98 /* Localization.swift in Sources */ = {isa = PBXBuildFile; fileRef = 2793A4DB08FA310388A621E9 /* Localization.swift */; };
		5E91D1213E48A944D8820135 /* PrivacyInfo.xcprivacy in Resources */ = {isa = PBXBuildFile; fileRef = E8A0B8B6D00589A3CADBFBB8 /* PrivacyInfo.xcprivacy */; };
		849C2174648DBE04BD041A49 /* PrayerView.swift in Sources */ = {isa = PBXBuildFile; fileRef = 188EE78BE39A7BCB775381F9 /* PrayerView.swift */; };
		8DB3E021424BB9556C0A8357 /* PraylistApp.swift in Sources */ = {isa = PBXBuildFile; fileRef = 311CAAC8104CA91D08B218DE /* PraylistApp.swift */; };
		9CB8DE452DFFC18AEF6F8062 /* Foundation.framework in Frameworks */ = {isa = PBXBuildFile; fileRef = 4EEE06F920B2FD56282E1090 /* Foundation.framework */; };
		A8C5FA50844AFA96BA753A5F /* PraylistUITests.swift in Sources */ = {isa = PBXBuildFile; fileRef = E6EB9CE12AE912BBE2A70C5A /* PraylistUITests.swift */; };
		B17BB04E33653F0533A3C041 /* Assets.xcassets in Resources */ = {isa = PBXBuildFile; fileRef = CEB2E5B784A65A9D6F78A679 /* Assets.xcassets */; };
		B361DDA2C83B45B6AC253F8F /* PublicPages.swift in Sources */ = {isa = PBXBuildFile; fileRef = 23E3FCD12933D667B3AD6C1B /* PublicPages.swift */; };
		C21FECADDEDACF38886E66DD /* PrayStore.swift in Sources */ = {isa = PBXBuildFile; fileRef = 913B12B5388EE7EBB2E7966D /* PrayStore.swift */; };
		C27B52A09A5263C358184D82 /* Foundation.framework in Frameworks */ = {isa = PBXBuildFile; fileRef = 4EEE06F920B2FD56282E1090 /* Foundation.framework */; };
		C498C4E13D8C58668B72146F /* OnboardingView.swift in Sources */ = {isa = PBXBuildFile; fileRef = E6938D0CF479F489AF7DF158 /* OnboardingView.swift */; };
		CAC5BDABA86C41A584B98F98 /* PrayEditorView.swift in Sources */ = {isa = PBXBuildFile; fileRef = CBC2018325F8A8BCBFF799AB /* PrayEditorView.swift */; };
		CDE9105E49047C6EF7E60A47 /* SettingsView.swift in Sources */ = {isa = PBXBuildFile; fileRef = 4885D2111BE25DAA77748666 /* SettingsView.swift */; };
		D2DD52E4FD068D70D241A602 /* Localizable.strings in Resources */ = {isa = PBXBuildFile; fileRef = 867A636C3CF88394E3A7F116 /* Localizable.strings */; };
		DAC6C1AA2549DD5FC6F27EF8 /* PrayData.swift in Sources */ = {isa = PBXBuildFile; fileRef = 3FAE772FDB26D5221C9D1D9E /* PrayData.swift */; };
		F70691894D0A608B27E9984D /* Foundation.framework in Frameworks */ = {isa = PBXBuildFile; fileRef = 4EEE06F920B2FD56282E1090 /* Foundation.framework */; };
		F8BCE28E7803ED93C9EF3273 /* NotebookView.swift in Sources */ = {isa = PBXBuildFile; fileRef = 9352DB8F5F366D53252974AE /* NotebookView.swift */; };
/* End PBXBuildFile section */

/* Begin PBXContainerItemProxy section */
		611287EFD182C0838382FCD7 /* PBXContainerItemProxy */ = {
			isa = PBXContainerItemProxy;
			containerPortal = 2C62FBCD532F33ADC1791CC2 /* Project object */;
			proxyType = 1;
			remoteGlobalIDString = D8EA783BE865793748966FCB;
			remoteInfo = Praylist;
		};
		80D6706BB537C712E53E7566 /* PBXContainerItemProxy */ = {
			isa = PBXContainerItemProxy;
			containerPortal = 2C62FBCD532F33ADC1791CC2 /* Project object */;
			proxyType = 1;
			remoteGlobalIDString = D8EA783BE865793748966FCB;
			remoteInfo = Praylist;
		};
/* End PBXContainerItemProxy section */

/* Begin PBXFileReference section */
		044CD795C7DE7462E885E668 /* CategoryManagerView.swift */ = {isa = PBXFileReference; includeInIndex = 1; lastKnownFileType = sourcecode.swift; name = CategoryManagerView.swift; path = Views/CategoryManagerView.swift; sourceTree = "<group>"; };
		0F36AF1CA7E323512058458D /* PreviewData.swift */ = {isa = PBXFileReference; includeInIndex = 1; lastKnownFileType = sourcecode.swift; name = PreviewData.swift; path = Models/PreviewData.swift; sourceTree = "<group>"; };
		188EE78BE39A7BCB775381F9 /* PrayerView.swift */ = {isa = PBXFileReference; includeInIndex = 1; lastKnownFileType = sourcecode.swift; name = PrayerView.swift; path = Views/PrayerView.swift; sourceTree = "<group>"; };
		23B2AFDEE3257A92271F49E4 /* ko */ = {isa = PBXFileReference; includeInIndex = 1; lastKnownFileType = text.plist.strings; name = ko; path = ko.lproj/Localizable.strings; sourceTree = "<group>"; };
		23E3FCD12933D667B3AD6C1B /* PublicPages.swift */ = {isa = PBXFileReference; includeInIndex = 1; lastKnownFileType = sourcecode.swift; name = PublicPages.swift; path = Services/PublicPages.swift; sourceTree = "<group>"; };
		2793A4DB08FA310388A621E9 /* Localization.swift */ = {isa = PBXFileReference; includeInIndex = 1; lastKnownFileType = sourcecode.swift; name = Localization.swift; path = Services/Localization.swift; sourceTree = "<group>"; };
		293EAFC031BEF6188E2AC939 /* Praylist.app */ = {isa = PBXFileReference; explicitFileType = wrapper.application; includeInIndex = 0; path = Praylist.app; sourceTree = BUILT_PRODUCTS_DIR; };
		311CAAC8104CA91D08B218DE /* PraylistApp.swift */ = {isa = PBXFileReference; includeInIndex = 1; lastKnownFileType = sourcecode.swift; name = PraylistApp.swift; path = App/PraylistApp.swift; sourceTree = "<group>"; };
		3FAE772FDB26D5221C9D1D9E /* PrayData.swift */ = {isa = PBXFileReference; includeInIndex = 1; lastKnownFileType = sourcecode.swift; name = PrayData.swift; path = Models/PrayData.swift; sourceTree = "<group>"; };
		4885D2111BE25DAA77748666 /* SettingsView.swift */ = {isa = PBXFileReference; includeInIndex = 1; lastKnownFileType = sourcecode.swift; name = SettingsView.swift; path = Views/SettingsView.swift; sourceTree = "<group>"; };
		4EEE06F920B2FD56282E1090 /* Foundation.framework */ = {isa = PBXFileReference; lastKnownFileType = wrapper.framework; name = Foundation.framework; path = Platforms/iPhoneOS.platform/Developer/SDKs/iPhoneOS14.0.sdk/System/Library/Frameworks/Foundation.framework; sourceTree = DEVELOPER_DIR; };
		72C2E18579A20CE231D788CE /* ReminderService.swift */ = {isa = PBXFileReference; includeInIndex = 1; lastKnownFileType = sourcecode.swift; name = ReminderService.swift; path = Services/ReminderService.swift; sourceTree = "<group>"; };
		8815EBD7B4DFDECC5AA436D0 /* LocalizationTests.swift */ = {isa = PBXFileReference; includeInIndex = 1; lastKnownFileType = sourcecode.swift; path = LocalizationTests.swift; sourceTree = "<group>"; };
		8BF6A9D1E1A963FB134231D7 /* en */ = {isa = PBXFileReference; includeInIndex = 1; lastKnownFileType = text.plist.strings; name = en; path = en.lproj/Localizable.strings; sourceTree = "<group>"; };
		913B12B5388EE7EBB2E7966D /* PrayStore.swift */ = {isa = PBXFileReference; includeInIndex = 1; lastKnownFileType = sourcecode.swift; name = PrayStore.swift; path = Services/PrayStore.swift; sourceTree = "<group>"; };
		9352DB8F5F366D53252974AE /* NotebookView.swift */ = {isa = PBXFileReference; includeInIndex = 1; lastKnownFileType = sourcecode.swift; name = NotebookView.swift; path = Views/NotebookView.swift; sourceTree = "<group>"; };
		AB0948B80E38A5EC53826A10 /* PraylistUITests.xctest */ = {isa = PBXFileReference; explicitFileType = wrapper.cfbundle; includeInIndex = 0; path = PraylistUITests.xctest; sourceTree = BUILT_PRODUCTS_DIR; };
		CBC2018325F8A8BCBFF799AB /* PrayEditorView.swift */ = {isa = PBXFileReference; includeInIndex = 1; lastKnownFileType = sourcecode.swift; name = PrayEditorView.swift; path = Views/PrayEditorView.swift; sourceTree = "<group>"; };
		CEB2E5B784A65A9D6F78A679 /* Assets.xcassets */ = {isa = PBXFileReference; includeInIndex = 1; lastKnownFileType = folder.assetcatalog; path = Assets.xcassets; sourceTree = "<group>"; };
		CED2480A618377AFFDC97EED /* PraylistTests.xctest */ = {isa = PBXFileReference; explicitFileType = wrapper.cfbundle; includeInIndex = 0; path = PraylistTests.xctest; sourceTree = BUILT_PRODUCTS_DIR; };
		DE1FF0898E5028EDE92200B0 /* HistoryView.swift */ = {isa = PBXFileReference; includeInIndex = 1; lastKnownFileType = sourcecode.swift; name = HistoryView.swift; path = Views/HistoryView.swift; sourceTree = "<group>"; };
		E4C128464627EC632E48AA8B /* Design.swift */ = {isa = PBXFileReference; includeInIndex = 1; lastKnownFileType = sourcecode.swift; name = Design.swift; path = Views/Design.swift; sourceTree = "<group>"; };
		E6938D0CF479F489AF7DF158 /* OnboardingView.swift */ = {isa = PBXFileReference; includeInIndex = 1; lastKnownFileType = sourcecode.swift; name = OnboardingView.swift; path = Views/OnboardingView.swift; sourceTree = "<group>"; };
		E69F6026A9BD13F058DA877B /* PrayStoreTests.swift */ = {isa = PBXFileReference; includeInIndex = 1; lastKnownFileType = sourcecode.swift; path = PrayStoreTests.swift; sourceTree = "<group>"; };
		E6EB9CE12AE912BBE2A70C5A /* PraylistUITests.swift */ = {isa = PBXFileReference; includeInIndex = 1; lastKnownFileType = sourcecode.swift; path = PraylistUITests.swift; sourceTree = "<group>"; };
		E8A0B8B6D00589A3CADBFBB8 /* PrivacyInfo.xcprivacy */ = {isa = PBXFileReference; includeInIndex = 1; path = PrivacyInfo.xcprivacy; sourceTree = "<group>"; };
/* End PBXFileReference section */

/* Begin PBXFrameworksBuildPhase section */
		8E74932125CD6259DAD04E4F /* Frameworks */ = {
			isa = PBXFrameworksBuildPhase;
			buildActionMask = 2147483647;
			files = (
				F70691894D0A608B27E9984D /* Foundation.framework in Frameworks */,
			);
			runOnlyForDeploymentPostprocessing = 0;
		};
		C3525F7C1977DF067E7798A9 /* Frameworks */ = {
			isa = PBXFrameworksBuildPhase;
			buildActionMask = 2147483647;
			files = (
				C27B52A09A5263C358184D82 /* Foundation.framework in Frameworks */,
			);
			runOnlyForDeploymentPostprocessing = 0;
		};
		D01C92E230349757BC58B980 /* Frameworks */ = {
			isa = PBXFrameworksBuildPhase;
			buildActionMask = 2147483647;
			files = (
				9CB8DE452DFFC18AEF6F8062 /* Foundation.framework in Frameworks */,
			);
			runOnlyForDeploymentPostprocessing = 0;
		};
/* End PBXFrameworksBuildPhase section */

/* Begin PBXGroup section */
		1536D5C008B761DCBDE506C8 /* Praylist */ = {
			isa = PBXGroup;
			children = (
				311CAAC8104CA91D08B218DE /* PraylistApp.swift */,
				3FAE772FDB26D5221C9D1D9E /* PrayData.swift */,
				0F36AF1CA7E323512058458D /* PreviewData.swift */,
				2793A4DB08FA310388A621E9 /* Localization.swift */,
				913B12B5388EE7EBB2E7966D /* PrayStore.swift */,
				23E3FCD12933D667B3AD6C1B /* PublicPages.swift */,
				72C2E18579A20CE231D788CE /* ReminderService.swift */,
				044CD795C7DE7462E885E668 /* CategoryManagerView.swift */,
				E4C128464627EC632E48AA8B /* Design.swift */,
				DE1FF0898E5028EDE92200B0 /* HistoryView.swift */,
				9352DB8F5F366D53252974AE /* NotebookView.swift */,
				E6938D0CF479F489AF7DF158 /* OnboardingView.swift */,
				CBC2018325F8A8BCBFF799AB /* PrayEditorView.swift */,
				188EE78BE39A7BCB775381F9 /* PrayerView.swift */,
				4885D2111BE25DAA77748666 /* SettingsView.swift */,
				FED7E20375A775B27D0B0E69 /* Resources */,
			);
			name = Praylist;
			path = Praylist;
			sourceTree = "<group>";
		};
		1AFEEB5B0C529FE1C76C7D5C /* PraylistUITests */ = {
			isa = PBXGroup;
			children = (
				E6EB9CE12AE912BBE2A70C5A /* PraylistUITests.swift */,
			);
			name = PraylistUITests;
			path = PraylistUITests;
			sourceTree = "<group>";
		};
		1C7B999F291173B36C4DFEA6 /* Products */ = {
			isa = PBXGroup;
			children = (
				293EAFC031BEF6188E2AC939 /* Praylist.app */,
				CED2480A618377AFFDC97EED /* PraylistTests.xctest */,
				AB0948B80E38A5EC53826A10 /* PraylistUITests.xctest */,
			);
			name = Products;
			sourceTree = "<group>";
		};
		5A3D069FB7046FFE0FB70976 /* iOS */ = {
			isa = PBXGroup;
			children = (
				4EEE06F920B2FD56282E1090 /* Foundation.framework */,
			);
			name = iOS;
			sourceTree = "<group>";
		};
		838F9AC168263419A6BF69DC /* PraylistTests */ = {
			isa = PBXGroup;
			children = (
				8815EBD7B4DFDECC5AA436D0 /* LocalizationTests.swift */,
				E69F6026A9BD13F058DA877B /* PrayStoreTests.swift */,
			);
			name = PraylistTests;
			path = PraylistTests;
			sourceTree = "<group>";
		};
		98ACA6B67ED0A1BE5DD1F7E5 = {
			isa = PBXGroup;
			children = (
				1C7B999F291173B36C4DFEA6 /* Products */,
				B2651526FA14D271B026CDA0 /* Frameworks */,
				1536D5C008B761DCBDE506C8 /* Praylist */,
				838F9AC168263419A6BF69DC /* PraylistTests */,
				1AFEEB5B0C529FE1C76C7D5C /* PraylistUITests */,
			);
			sourceTree = "<group>";
		};
		B2651526FA14D271B026CDA0 /* Frameworks */ = {
			isa = PBXGroup;
			children = (
				5A3D069FB7046FFE0FB70976 /* iOS */,
			);
			name = Frameworks;
			sourceTree = "<group>";
		};
		FED7E20375A775B27D0B0E69 /* Resources */ = {
			isa = PBXGroup;
			children = (
				CEB2E5B784A65A9D6F78A679 /* Assets.xcassets */,
				E8A0B8B6D00589A3CADBFBB8 /* PrivacyInfo.xcprivacy */,
				867A636C3CF88394E3A7F116 /* Localizable.strings */,
			);
			name = Resources;
			path = Resources;
			sourceTree = "<group>";
		};
/* End PBXGroup section */

/* Begin PBXNativeTarget section */
		240F89A6402A5340A7045C28 /* PraylistUITests */ = {
			isa = PBXNativeTarget;
			buildConfigurationList = 3B50BCE8DCBB467CB646FBBB /* Build configuration list for PBXNativeTarget "PraylistUITests" */;
			buildPhases = (
				C498F4E5A966B6A5A2BEF8F2 /* Sources */,
				8E74932125CD6259DAD04E4F /* Frameworks */,
				C44EAB36FCA5EAB6B240E50E /* Resources */,
			);
			buildRules = (
			);
			dependencies = (
				5BE9F683B1DDF49381121386 /* PBXTargetDependency */,
			);
			name = PraylistUITests;
			productName = PraylistUITests;
			productReference = AB0948B80E38A5EC53826A10 /* PraylistUITests.xctest */;
			productType = "com.apple.product-type.bundle.ui-testing";
		};
		D8EA783BE865793748966FCB /* Praylist */ = {
			isa = PBXNativeTarget;
			buildConfigurationList = 982A22E7FD0BB8986A1FDEF2 /* Build configuration list for PBXNativeTarget "Praylist" */;
			buildPhases = (
				4FCA05F45DCD264D62F6E63F /* Sources */,
				D01C92E230349757BC58B980 /* Frameworks */,
				31BE2507E956EB743FEFE042 /* Resources */,
			);
			buildRules = (
			);
			dependencies = (
			);
			name = Praylist;
			productName = Praylist;
			productReference = 293EAFC031BEF6188E2AC939 /* Praylist.app */;
			productType = "com.apple.product-type.application";
		};
		FC54E8B4078969F853AE18F6 /* PraylistTests */ = {
			isa = PBXNativeTarget;
			buildConfigurationList = 4967614EE33AEC9EC324E38A /* Build configuration list for PBXNativeTarget "PraylistTests" */;
			buildPhases = (
				7EE4285895BBC243209040B1 /* Sources */,
				C3525F7C1977DF067E7798A9 /* Frameworks */,
				F4CEE59E3501AFBD6FA693BC /* Resources */,
			);
			buildRules = (
			);
			dependencies = (
				B8BA7C30CAD16191110E54E8 /* PBXTargetDependency */,
			);
			name = PraylistTests;
			productName = PraylistTests;
			productReference = CED2480A618377AFFDC97EED /* PraylistTests.xctest */;
			productType = "com.apple.product-type.bundle.unit-test";
		};
/* End PBXNativeTarget section */

/* Begin PBXProject section */
		2C62FBCD532F33ADC1791CC2 /* Project object */ = {
			isa = PBXProject;
			attributes = {
				LastSwiftUpdateCheck = 1500;
				LastUpgradeCheck = 2660;
			};
			buildConfigurationList = 21B30634263D42FD3E433F3B /* Build configuration list for PBXProject "Praylist" */;
			compatibilityVersion = "Xcode 3.2";
			developmentRegion = en;
			hasScannedForEncodings = 0;
			knownRegions = (
				en,
				ko,
				Base,
			);
			mainGroup = 98ACA6B67ED0A1BE5DD1F7E5;
			productRefGroup = 1C7B999F291173B36C4DFEA6 /* Products */;
			projectDirPath = "";
			projectRoot = "";
			targets = (
				D8EA783BE865793748966FCB /* Praylist */,
				FC54E8B4078969F853AE18F6 /* PraylistTests */,
				240F89A6402A5340A7045C28 /* PraylistUITests */,
			);
		};
/* End PBXProject section */

/* Begin PBXResourcesBuildPhase section */
		31BE2507E956EB743FEFE042 /* Resources */ = {
			isa = PBXResourcesBuildPhase;
			buildActionMask = 2147483647;
			files = (
				B17BB04E33653F0533A3C041 /* Assets.xcassets in Resources */,
				5E91D1213E48A944D8820135 /* PrivacyInfo.xcprivacy in Resources */,
				D2DD52E4FD068D70D241A602 /* Localizable.strings in Resources */,
			);
			runOnlyForDeploymentPostprocessing = 0;
		};
		C44EAB36FCA5EAB6B240E50E /* Resources */ = {
			isa = PBXResourcesBuildPhase;
			buildActionMask = 2147483647;
			files = (
			);
			runOnlyForDeploymentPostprocessing = 0;
		};
		F4CEE59E3501AFBD6FA693BC /* Resources */ = {
			isa = PBXResourcesBuildPhase;
			buildActionMask = 2147483647;
			files = (
			);
			runOnlyForDeploymentPostprocessing = 0;
		};
/* End PBXResourcesBuildPhase section */

/* Begin PBXSourcesBuildPhase section */
		4FCA05F45DCD264D62F6E63F /* Sources */ = {
			isa = PBXSourcesBuildPhase;
			buildActionMask = 2147483647;
			files = (
				8DB3E021424BB9556C0A8357 /* PraylistApp.swift in Sources */,
				DAC6C1AA2549DD5FC6F27EF8 /* PrayData.swift in Sources */,
				2AAFFCA9F5D12FFA30A2BA4A /* PreviewData.swift in Sources */,
				5D92535AD9376B667C6A5C98 /* Localization.swift in Sources */,
				C21FECADDEDACF38886E66DD /* PrayStore.swift in Sources */,
				B361DDA2C83B45B6AC253F8F /* PublicPages.swift in Sources */,
				200FD82EF88FA79AF5B00173 /* ReminderService.swift in Sources */,
				23690E7BAAA2D3FFE0CCFFC2 /* CategoryManagerView.swift in Sources */,
				5CA4ACA8ED6EE23152796A62 /* Design.swift in Sources */,
				0A3C1D6439F07BC86FD26E7B /* HistoryView.swift in Sources */,
				F8BCE28E7803ED93C9EF3273 /* NotebookView.swift in Sources */,
				C498C4E13D8C58668B72146F /* OnboardingView.swift in Sources */,
				CAC5BDABA86C41A584B98F98 /* PrayEditorView.swift in Sources */,
				849C2174648DBE04BD041A49 /* PrayerView.swift in Sources */,
				CDE9105E49047C6EF7E60A47 /* SettingsView.swift in Sources */,
			);
			runOnlyForDeploymentPostprocessing = 0;
		};
		7EE4285895BBC243209040B1 /* Sources */ = {
			isa = PBXSourcesBuildPhase;
			buildActionMask = 2147483647;
			files = (
				126706284F454995C7FD4BE4 /* LocalizationTests.swift in Sources */,
				5B905EF5A3F4DF1139D60D16 /* PrayStoreTests.swift in Sources */,
			);
			runOnlyForDeploymentPostprocessing = 0;
		};
		C498F4E5A966B6A5A2BEF8F2 /* Sources */ = {
			isa = PBXSourcesBuildPhase;
			buildActionMask = 2147483647;
			files = (
				A8C5FA50844AFA96BA753A5F /* PraylistUITests.swift in Sources */,
			);
			runOnlyForDeploymentPostprocessing = 0;
		};
/* End PBXSourcesBuildPhase section */

/* Begin PBXTargetDependency section */
		5BE9F683B1DDF49381121386 /* PBXTargetDependency */ = {
			isa = PBXTargetDependency;
			name = Praylist;
			target = D8EA783BE865793748966FCB /* Praylist */;
			targetProxy = 80D6706BB537C712E53E7566 /* PBXContainerItemProxy */;
		};
		B8BA7C30CAD16191110E54E8 /* PBXTargetDependency */ = {
			isa = PBXTargetDependency;
			name = Praylist;
			target = D8EA783BE865793748966FCB /* Praylist */;
			targetProxy = 611287EFD182C0838382FCD7 /* PBXContainerItemProxy */;
		};
/* End PBXTargetDependency section */

/* Begin PBXVariantGroup section */
		867A636C3CF88394E3A7F116 /* Localizable.strings */ = {
			isa = PBXVariantGroup;
			children = (
				8BF6A9D1E1A963FB134231D7 /* en */,
				23B2AFDEE3257A92271F49E4 /* ko */,
			);
			name = Localizable.strings;
			sourceTree = "<group>";
		};
/* End PBXVariantGroup section */

/* Begin XCBuildConfiguration section */
		3A1AFF3B4B8C20258B0D6F1C /* Debug */ = {
			isa = XCBuildConfiguration;
			buildSettings = {
				ALWAYS_SEARCH_USER_PATHS = NO;
				CLANG_ANALYZER_NONNULL = YES;
				CLANG_ANALYZER_NUMBER_OBJECT_CONVERSION = YES_AGGRESSIVE;
				CLANG_CXX_LANGUAGE_STANDARD = "gnu++14";
				CLANG_CXX_LIBRARY = "libc++";
				CLANG_ENABLE_MODULES = YES;
				CLANG_ENABLE_OBJC_ARC = YES;
				CLANG_ENABLE_OBJC_WEAK = YES;
				CLANG_WARN_BLOCK_CAPTURE_AUTORELEASING = YES;
				CLANG_WARN_BOOL_CONVERSION = YES;
				CLANG_WARN_COMMA = YES;
				CLANG_WARN_CONSTANT_CONVERSION = YES;
				CLANG_WARN_DEPRECATED_OBJC_IMPLEMENTATIONS = YES;
				CLANG_WARN_DIRECT_OBJC_ISA_USAGE = YES_ERROR;
				CLANG_WARN_DOCUMENTATION_COMMENTS = YES;
				CLANG_WARN_EMPTY_BODY = YES;
				CLANG_WARN_ENUM_CONVERSION = YES;
				CLANG_WARN_INFINITE_RECURSION = YES;
				CLANG_WARN_INT_CONVERSION = YES;
				CLANG_WARN_NON_LITERAL_NULL_CONVERSION = YES;
				CLANG_WARN_OBJC_IMPLICIT_RETAIN_SELF = YES;
				CLANG_WARN_OBJC_LITERAL_CONVERSION = YES;
				CLANG_WARN_OBJC_ROOT_CLASS = YES_ERROR;
				CLANG_WARN_QUOTED_INCLUDE_IN_FRAMEWORK_HEADER = YES;
				CLANG_WARN_RANGE_LOOP_ANALYSIS = YES;
				CLANG_WARN_STRICT_PROTOTYPES = YES;
				CLANG_WARN_SUSPICIOUS_MOVE = YES;
				CLANG_WARN_UNGUARDED_AVAILABILITY = YES_AGGRESSIVE;
				CLANG_WARN_UNREACHABLE_CODE = YES;
				CLANG_WARN__DUPLICATE_METHOD_MATCH = YES;
				COPY_PHASE_STRIP = NO;
				DEBUG_INFORMATION_FORMAT = dwarf;
				ENABLE_STRICT_OBJC_MSGSEND = YES;
				ENABLE_TESTABILITY = YES;
				GCC_C_LANGUAGE_STANDARD = gnu11;
				GCC_DYNAMIC_NO_PIC = NO;
				GCC_NO_COMMON_BLOCKS = YES;
				GCC_OPTIMIZATION_LEVEL = 0;
				GCC_PREPROCESSOR_DEFINITIONS = (
					"DEBUG=1",
					"$(inherited)",
				);
				GCC_WARN_64_TO_32_BIT_CONVERSION = YES;
				GCC_WARN_ABOUT_RETURN_TYPE = YES_ERROR;
				GCC_WARN_UNDECLARED_SELECTOR = YES;
				GCC_WARN_UNINITIALIZED_AUTOS = YES_AGGRESSIVE;
				GCC_WARN_UNUSED_FUNCTION = YES;
				GCC_WARN_UNUSED_VARIABLE = YES;
				MTL_ENABLE_DEBUG_INFO = INCLUDE_SOURCE;
				MTL_FAST_MATH = YES;
				ONLY_ACTIVE_ARCH = YES;
				PRODUCT_NAME = "$(TARGET_NAME)";
				SWIFT_ACTIVE_COMPILATION_CONDITIONS = DEBUG;
				SWIFT_OPTIMIZATION_LEVEL = "-Onone";
				SWIFT_VERSION = 5.0;
			};
			name = Debug;
		};
		577E07C6BBEC51EDBF19D280 /* Debug */ = {
			isa = XCBuildConfiguration;
			buildSettings = {
				BUNDLE_LOADER = "$(TEST_HOST)";
				CLANG_ENABLE_OBJC_WEAK = NO;
				CODE_SIGN_STYLE = Automatic;
				CURRENT_PROJECT_VERSION = 3;
				DEVELOPMENT_TEAM = JS293ULS3A;
				ENABLE_USER_SCRIPT_SANDBOXING = YES;
				GENERATE_INFOPLIST_FILE = YES;
				IPHONEOS_DEPLOYMENT_TARGET = 18.0;
				MARKETING_VERSION = 1.1.0;
				PRODUCT_BUNDLE_IDENTIFIER = com.visionexperiencedeveloper.praylist.PraylistTests;
				SDKROOT = iphoneos;
				SWIFT_ACTIVE_COMPILATION_CONDITIONS = DEBUG;
				SWIFT_STRICT_CONCURRENCY = complete;
				SWIFT_VERSION = 6.0;
				TARGETED_DEVICE_FAMILY = 1;
				TEST_HOST = "$(BUILT_PRODUCTS_DIR)/Praylist.app/$(BUNDLE_EXECUTABLE_FOLDER_PATH)/Praylist";
			};
			name = Debug;
		};
		949A61FC73E51388841C7936 /* Release */ = {
			isa = XCBuildConfiguration;
			buildSettings = {
				ALWAYS_SEARCH_USER_PATHS = NO;
				CLANG_ANALYZER_NONNULL = YES;
				CLANG_ANALYZER_NUMBER_OBJECT_CONVERSION = YES_AGGRESSIVE;
				CLANG_CXX_LANGUAGE_STANDARD = "gnu++14";
				CLANG_CXX_LIBRARY = "libc++";
				CLANG_ENABLE_MODULES = YES;
				CLANG_ENABLE_OBJC_ARC = YES;
				CLANG_ENABLE_OBJC_WEAK = YES;
				CLANG_WARN_BLOCK_CAPTURE_AUTORELEASING = YES;
				CLANG_WARN_BOOL_CONVERSION = YES;
				CLANG_WARN_COMMA = YES;
				CLANG_WARN_CONSTANT_CONVERSION = YES;
				CLANG_WARN_DEPRECATED_OBJC_IMPLEMENTATIONS = YES;
				CLANG_WARN_DIRECT_OBJC_ISA_USAGE = YES_ERROR;
				CLANG_WARN_DOCUMENTATION_COMMENTS = YES;
				CLANG_WARN_EMPTY_BODY = YES;
				CLANG_WARN_ENUM_CONVERSION = YES;
				CLANG_WARN_INFINITE_RECURSION = YES;
				CLANG_WARN_INT_CONVERSION = YES;
				CLANG_WARN_NON_LITERAL_NULL_CONVERSION = YES;
				CLANG_WARN_OBJC_IMPLICIT_RETAIN_SELF = YES;
				CLANG_WARN_OBJC_LITERAL_CONVERSION = YES;
				CLANG_WARN_OBJC_ROOT_CLASS = YES_ERROR;
				CLANG_WARN_QUOTED_INCLUDE_IN_FRAMEWORK_HEADER = YES;
				CLANG_WARN_RANGE_LOOP_ANALYSIS = YES;
				CLANG_WARN_STRICT_PROTOTYPES = YES;
				CLANG_WARN_SUSPICIOUS_MOVE = YES;
				CLANG_WARN_UNGUARDED_AVAILABILITY = YES_AGGRESSIVE;
				CLANG_WARN_UNREACHABLE_CODE = YES;
				CLANG_WARN__DUPLICATE_METHOD_MATCH = YES;
				COPY_PHASE_STRIP = NO;
				DEBUG_INFORMATION_FORMAT = "dwarf-with-dsym";
				ENABLE_NS_ASSERTIONS = NO;
				ENABLE_STRICT_OBJC_MSGSEND = YES;
				GCC_C_LANGUAGE_STANDARD = gnu11;
				GCC_NO_COMMON_BLOCKS = YES;
				GCC_WARN_64_TO_32_BIT_CONVERSION = YES;
				GCC_WARN_ABOUT_RETURN_TYPE = YES_ERROR;
				GCC_WARN_UNDECLARED_SELECTOR = YES;
				GCC_WARN_UNINITIALIZED_AUTOS = YES_AGGRESSIVE;
				GCC_WARN_UNUSED_FUNCTION = YES;
				GCC_WARN_UNUSED_VARIABLE = YES;
				MTL_ENABLE_DEBUG_INFO = NO;
				MTL_FAST_MATH = YES;
				PRODUCT_NAME = "$(TARGET_NAME)";
				SWIFT_COMPILATION_MODE = wholemodule;
				SWIFT_OPTIMIZATION_LEVEL = "-O";
				SWIFT_VERSION = 5.0;
			};
			name = Release;
		};
		A9B8E5D9365F94B2627F2CCD /* Debug */ = {
			isa = XCBuildConfiguration;
			buildSettings = {
				CLANG_ENABLE_OBJC_WEAK = NO;
				CODE_SIGN_STYLE = Automatic;
				CURRENT_PROJECT_VERSION = 3;
				DEVELOPMENT_TEAM = JS293ULS3A;
				ENABLE_USER_SCRIPT_SANDBOXING = YES;
				GENERATE_INFOPLIST_FILE = YES;
				IPHONEOS_DEPLOYMENT_TARGET = 18.0;
				MARKETING_VERSION = 1.1.0;
				PRODUCT_BUNDLE_IDENTIFIER = com.visionexperiencedeveloper.praylist.PraylistUITests;
				SDKROOT = iphoneos;
				SWIFT_ACTIVE_COMPILATION_CONDITIONS = DEBUG;
				SWIFT_STRICT_CONCURRENCY = complete;
				SWIFT_VERSION = 6.0;
				TARGETED_DEVICE_FAMILY = 1;
				TEST_TARGET_NAME = Praylist;
			};
			name = Debug;
		};
		AC78F923528E3CC09F24D346 /* Release */ = {
			isa = XCBuildConfiguration;
			buildSettings = {
				BUNDLE_LOADER = "$(TEST_HOST)";
				CLANG_ENABLE_OBJC_WEAK = NO;
				CODE_SIGN_STYLE = Automatic;
				CURRENT_PROJECT_VERSION = 3;
				DEVELOPMENT_TEAM = JS293ULS3A;
				ENABLE_USER_SCRIPT_SANDBOXING = YES;
				GENERATE_INFOPLIST_FILE = YES;
				IPHONEOS_DEPLOYMENT_TARGET = 18.0;
				MARKETING_VERSION = 1.1.0;
				PRODUCT_BUNDLE_IDENTIFIER = com.visionexperiencedeveloper.praylist.PraylistTests;
				SDKROOT = iphoneos;
				SWIFT_STRICT_CONCURRENCY = complete;
				SWIFT_VERSION = 6.0;
				TARGETED_DEVICE_FAMILY = 1;
				TEST_HOST = "$(BUILT_PRODUCTS_DIR)/Praylist.app/$(BUNDLE_EXECUTABLE_FOLDER_PATH)/Praylist";
				VALIDATE_PRODUCT = YES;
			};
			name = Release;
		};
		D5725CF6DF55F8160D6C4028 /* Release */ = {
			isa = XCBuildConfiguration;
			buildSettings = {
				CLANG_ENABLE_OBJC_WEAK = NO;
				CODE_SIGN_STYLE = Automatic;
				CURRENT_PROJECT_VERSION = 3;
				DEVELOPMENT_TEAM = JS293ULS3A;
				ENABLE_USER_SCRIPT_SANDBOXING = YES;
				GENERATE_INFOPLIST_FILE = YES;
				IPHONEOS_DEPLOYMENT_TARGET = 18.0;
				MARKETING_VERSION = 1.1.0;
				PRODUCT_BUNDLE_IDENTIFIER = com.visionexperiencedeveloper.praylist.PraylistUITests;
				SDKROOT = iphoneos;
				SWIFT_STRICT_CONCURRENCY = complete;
				SWIFT_VERSION = 6.0;
				TARGETED_DEVICE_FAMILY = 1;
				TEST_TARGET_NAME = Praylist;
				VALIDATE_PRODUCT = YES;
			};
			name = Release;
		};
		DCC2531A3F9867831075E699 /* Release */ = {
			isa = XCBuildConfiguration;
			buildSettings = {
				ASSETCATALOG_COMPILER_APPICON_NAME = AppIcon;
				ASSETCATALOG_COMPILER_GLOBAL_ACCENT_COLOR_NAME = AccentColor;
				CLANG_ENABLE_OBJC_WEAK = NO;
				CODE_SIGN_STYLE = Automatic;
				CURRENT_PROJECT_VERSION = 3;
				DEVELOPMENT_TEAM = JS293ULS3A;
				ENABLE_USER_SCRIPT_SANDBOXING = YES;
				GENERATE_INFOPLIST_FILE = YES;
				INFOPLIST_FILE = Praylist/Resources/Info.plist;
				INFOPLIST_KEY_CFBundleDisplayName = Praylist;
				INFOPLIST_KEY_LSApplicationCategoryType = "public.app-category.lifestyle";
				INFOPLIST_KEY_UIApplicationSceneManifest_Generation = YES;
				INFOPLIST_KEY_UILaunchScreen_Generation = YES;
				INFOPLIST_KEY_UISupportedInterfaceOrientations = UIInterfaceOrientationPortrait;
				IPHONEOS_DEPLOYMENT_TARGET = 18.0;
				LD_RUNPATH_SEARCH_PATHS = "$(inherited) @executable_path/Frameworks";
				MARKETING_VERSION = 1.1.0;
				PRODUCT_BUNDLE_IDENTIFIER = com.visionexperiencedeveloper.praylist;
				SDKROOT = iphoneos;
				SUPPORTS_MACCATALYST = NO;
				SUPPORTS_MAC_DESIGNED_FOR_IPHONE_IPAD = NO;
				SUPPORTS_XR_DESIGNED_FOR_IPHONE_IPAD = NO;
				SWIFT_STRICT_CONCURRENCY = complete;
				SWIFT_VERSION = 6.0;
				TARGETED_DEVICE_FAMILY = 1;
				VALIDATE_PRODUCT = YES;
			};
			name = Release;
		};
		E6542852CA8C15B49AE32AC1 /* Debug */ = {
			isa = XCBuildConfiguration;
			buildSettings = {
				ASSETCATALOG_COMPILER_APPICON_NAME = AppIcon;
				ASSETCATALOG_COMPILER_GLOBAL_ACCENT_COLOR_NAME = AccentColor;
				CLANG_ENABLE_OBJC_WEAK = NO;
				CODE_SIGN_STYLE = Automatic;
				CURRENT_PROJECT_VERSION = 3;
				DEVELOPMENT_TEAM = JS293ULS3A;
				ENABLE_USER_SCRIPT_SANDBOXING = YES;
				GENERATE_INFOPLIST_FILE = YES;
				INFOPLIST_FILE = Praylist/Resources/Info.plist;
				INFOPLIST_KEY_CFBundleDisplayName = Praylist;
				INFOPLIST_KEY_LSApplicationCategoryType = "public.app-category.lifestyle";
				INFOPLIST_KEY_UIApplicationSceneManifest_Generation = YES;
				INFOPLIST_KEY_UILaunchScreen_Generation = YES;
				INFOPLIST_KEY_UISupportedInterfaceOrientations = UIInterfaceOrientationPortrait;
				IPHONEOS_DEPLOYMENT_TARGET = 18.0;
				LD_RUNPATH_SEARCH_PATHS = "$(inherited) @executable_path/Frameworks";
				MARKETING_VERSION = 1.1.0;
				PRODUCT_BUNDLE_IDENTIFIER = com.visionexperiencedeveloper.praylist;
				SDKROOT = iphoneos;
				SUPPORTS_MACCATALYST = NO;
				SUPPORTS_MAC_DESIGNED_FOR_IPHONE_IPAD = NO;
				SUPPORTS_XR_DESIGNED_FOR_IPHONE_IPAD = NO;
				SWIFT_ACTIVE_COMPILATION_CONDITIONS = DEBUG;
				SWIFT_STRICT_CONCURRENCY = complete;
				SWIFT_VERSION = 6.0;
				TARGETED_DEVICE_FAMILY = 1;
			};
			name = Debug;
		};
/* End XCBuildConfiguration section */

/* Begin XCConfigurationList section */
		21B30634263D42FD3E433F3B /* Build configuration list for PBXProject "Praylist" */ = {
			isa = XCConfigurationList;
			buildConfigurations = (
				3A1AFF3B4B8C20258B0D6F1C /* Debug */,
				949A61FC73E51388841C7936 /* Release */,
			);
			defaultConfigurationIsVisible = 0;
			defaultConfigurationName = Release;
		};
		3B50BCE8DCBB467CB646FBBB /* Build configuration list for PBXNativeTarget "PraylistUITests" */ = {
			isa = XCConfigurationList;
			buildConfigurations = (
				D5725CF6DF55F8160D6C4028 /* Release */,
				A9B8E5D9365F94B2627F2CCD /* Debug */,
			);
			defaultConfigurationIsVisible = 0;
			defaultConfigurationName = Release;
		};
		4967614EE33AEC9EC324E38A /* Build configuration list for PBXNativeTarget "PraylistTests" */ = {
			isa = XCConfigurationList;
			buildConfigurations = (
				AC78F923528E3CC09F24D346 /* Release */,
				577E07C6BBEC51EDBF19D280 /* Debug */,
			);
			defaultConfigurationIsVisible = 0;
			defaultConfigurationName = Release;
		};
		982A22E7FD0BB8986A1FDEF2 /* Build configuration list for PBXNativeTarget "Praylist" */ = {
			isa = XCConfigurationList;
			buildConfigurations = (
				DCC2531A3F9867831075E699 /* Release */,
				E6542852CA8C15B49AE32AC1 /* Debug */,
			);
			defaultConfigurationIsVisible = 0;
			defaultConfigurationName = Release;
		};
/* End XCConfigurationList section */
	};
	rootObject = 2C62FBCD532F33ADC1791CC2 /* Project object */;
}
